
Microsoft Visual Studio Solution File, Format Version 12.00
# Visual Studio Version 17
VisualStudioVersion = 17.4.33110.190
MinimumVisualStudioVersion = 10.0.40219.1
Project("{FAE04EC0-301F-11D3-BF4B-00C04F79EFBC}") = "projetoMonkeyShop", "projetoMonkeyShop\projetoMonkeyShop.csproj", "{A7A94FB0-E911-461B-B7FC-437E86EDA3FB}"
EndProject
Global
	GlobalSection(SolutionConfigurationPlatforms) = preSolution
		Debug|Any CPU = Debug|Any CPU
		Release|Any CPU = Release|Any CPU
	EndGlobalSection
	GlobalSection(ProjectConfigurationPlatforms) = postSolution
		{A7A94FB0-E911-461B-B7FC-437E86EDA3FB}.Debug|Any CPU.ActiveCfg = Debug|Any CPU
		{A7A94FB0-E911-461B-B7FC-437E86EDA3FB}.Debug|Any CPU.Build.0 = Debug|Any CPU
		{A7A94FB0-E911-461B-B7FC-437E86EDA3FB}.Release|Any CPU.ActiveCfg = Release|Any CPU
		{A7A94FB0-E911-461B-B7FC-437E86EDA3FB}.Release|Any CPU.Build.0 = Release|Any CPU
	EndGlobalSection
	GlobalSection(SolutionProperties) = preSolution
		HideSolutionNode = FALSE
	EndGlobalSection
	GlobalSection(ExtensibilityGlobals) = postSolution
		SolutionGuid = {18D2FA25-5A0C-4159-B718-BA8A4277E7E8}
	EndGlobalSection
EndGlobal
